
Microsoft Visual Studio Solution File, Format Version 12.00
# Visual Studio 15
VisualStudioVersion = 15.0.28307.572
MinimumVisualStudioVersion = 10.0.40219.1
Project("{9A19103F-16F7-4668-BE54-9A1E7A4F7556}") = "Chromely.Mvc", "Chromely.Mvc\Chromely.Mvc.csproj", "{3FCE6679-CA8D-4119-8184-0D29A73ABAE1}"
EndProject
Project("{9A19103F-16F7-4668-BE54-9A1E7A4F7556}") = "Chromely.Mvc.UnitTests", "Chromely.Mvc.UnitTests\Chromely.Mvc.UnitTests.csproj", "{A9813820-68AF-44F1-94E6-DE015E4AC40E}"
EndProject
Global
	GlobalSection(SolutionConfigurationPlatforms) = preSolution
		Debug|Any CPU = Debug|Any CPU
		Release|Any CPU = Release|Any CPU
		ReleaseLinux|Any CPU = ReleaseLinux|Any CPU
	EndGlobalSection
	GlobalSection(ProjectConfigurationPlatforms) = postSolution
		{3FCE6679-CA8D-4119-8184-0D29A73ABAE1}.Debug|Any CPU.ActiveCfg = Debug|Any CPU
		{3FCE6679-CA8D-4119-8184-0D29A73ABAE1}.Debug|Any CPU.Build.0 = Debug|Any CPU
		{3FCE6679-CA8D-4119-8184-0D29A73ABAE1}.Release|Any CPU.ActiveCfg = Release|Any CPU
		{3FCE6679-CA8D-4119-8184-0D29A73ABAE1}.Release|Any CPU.Build.0 = Release|Any CPU
		{3FCE6679-CA8D-4119-8184-0D29A73ABAE1}.ReleaseLinux|Any CPU.ActiveCfg = Release|Any CPU
		{3FCE6679-CA8D-4119-8184-0D29A73ABAE1}.ReleaseLinux|Any CPU.Build.0 = Release|Any CPU
		{A9813820-68AF-44F1-94E6-DE015E4AC40E}.Debug|Any CPU.ActiveCfg = Debug|Any CPU
		{A9813820-68AF-44F1-94E6-DE015E4AC40E}.Debug|Any CPU.Build.0 = Debug|Any CPU
		{A9813820-68AF-44F1-94E6-DE015E4AC40E}.Release|Any CPU.ActiveCfg = Release|Any CPU
		{A9813820-68AF-44F1-94E6-DE015E4AC40E}.Release|Any CPU.Build.0 = Release|Any CPU
		{A9813820-68AF-44F1-94E6-DE015E4AC40E}.ReleaseLinux|Any CPU.ActiveCfg = Release|Any CPU
		{A9813820-68AF-44F1-94E6-DE015E4AC40E}.ReleaseLinux|Any CPU.Build.0 = Release|Any CPU
	EndGlobalSection
	GlobalSection(SolutionProperties) = preSolution
		HideSolutionNode = FALSE
	EndGlobalSection
	GlobalSection(ExtensibilityGlobals) = postSolution
		SolutionGuid = {23A16108-571C-44C6-BF59-0944380A991A}
	EndGlobalSection
EndGlobal
